{
  "name": "06. Chat App",
  "lockfileVersion": 3,
  "requires": true,
  "packages": {
    "": {
      "dependencies": {
        "emoji-picker-react": "^4.9.2",
        "react-icons": "^5.0.1"
      }
    },
    "node_modules/emoji-picker-react": {
      "version": "4.9.2",
      "resolved": "https://registry.npmjs.org/emoji-picker-react/-/emoji-picker-react-4.9.2.tgz",
      "integrity": "sha512-pdvLKpto0DMrjE+/8V9QeYjrMcOkJmqBn3GyCSG2zanY32rN2cnWzBUmzArvapAjzBvgf7hNmJP8xmsdu0cmJA==",
      "dependencies": {
        "flairup": "0.0.38"
      },
      "engines": {
        "node": ">=10"
      },
      "peerDependencies": {
        "react": ">=16"
      }
    },
    "node_modules/flairup": {
      "version": "0.0.38",
      "resolved": "https://registry.npmjs.org/flairup/-/flairup-0.0.38.tgz",
      "integrity": "sha512-W9QA5TM7eYNlGoBYwfVn/o6v4yWBCxfq4+EJ5w774oFeyWvVWnYq6Dgt4CJltjG9y/lPwbOqz3jSSr8K66ToGg=="
    },
    "node_modules/react-icons": {
      "version": "5.0.1",
      "resolved": "https://registry.npmjs.org/react-icons/-/react-icons-5.0.1.tgz",
      "integrity": "sha512-WqLZJ4bLzlhmsvme6iFdgO8gfZP17rfjYEJ2m9RsZjZ+cc4k1hTzknEz63YS1MeT50kVzoa1Nz36f4BEx+Wigw==",
      "peerDependencies": {
        "react": "*"
      }
    }
  }
}
